PODS:
  - SDWebImage (5.1.0):
    - SDWebImage/Core (= 5.1.0)
  - SDWebImage/Core (5.1.0)
  - YYImage (1.0.4):
    - YYImage/Core (= 1.0.4)
  - YYImage/Core (1.0.4)
  - YYImage/WebP (1.0.4):
    - YYImage/Core

DEPENDENCIES:
  - SDWebImage (>= 5.0.0)
  - YYImage (from `https://github.com/QiuYeHong90/YYImage.git`)
  - YYImage/WebP (from `https://github.com/QiuYeHong90/YYImage.git`)

SPEC REPOS:
  https://github.com/CocoaPods/Specs.git:
    - SDWebImage

EXTERNAL SOURCES:
  YYImage:
    :git: https://github.com/QiuYeHong90/YYImage.git

CHECKOUT OPTIONS:
  YYImage:
    :commit: 4164acb76e8979c0612530bd874e099a1fa51e9d
    :git: https://github.com/QiuYeHong90/YYImage.git

SPEC CHECKSUMS:
  SDWebImage: fb387001955223213dde14bc08c8b73f371f8d8f
  YYImage: 20ec986d18a8d0ad421619d166a9e628097e2433

PODFILE CHECKSUM: 1446451fcada0f8e901a20e18884617bdd8f23dc

COCOAPODS: 1.13.0
