PODS:
  - SDWebImage (5.1.0):
    - SDWebImage/Core (= 5.1.0)
  - SDWebImage/Core (5.1.0)
  - YYImage (1.0.4):
    - YYImage/Core (= 1.0.4)
  - YYImage/Core (1.0.4)

DEPENDENCIES:
  - SDWebImage (>= 5.0.0)
  - YYImage

SPEC REPOS:
  https://github.com/cocoapods/specs.git:
    - SDWebImage
    - YYImage

SPEC CHECKSUMS:
  SDWebImage: fb387001955223213dde14bc08c8b73f371f8d8f
  YYImage: 1e1b62a9997399593e4b9c4ecfbbabbf1d3f3b54

PODFILE CHECKSUM: 7d28b9ae8c240bc994d951954252612eb02203f4

COCOAPODS: 1.7.2
