// !$*UTF8*$!
{
	archiveVersion = 1;
	classes = {
	};
	objectVersion = 48;
	objects = {

/* Begin PBXBuildFile section */
		23552135207CE3CB00769FD4 /* YBImageBrowserModel.m in Sources */ = {isa = PBXBuildFile; fileRef = 23552134207CE3CB00769FD4 /* YBImageBrowserModel.m */; };
		2394EBAD207FB4340084D297 /* YBImageBrowser.m in Sources */ = {isa = PBXBuildFile; fileRef = 2394EBAC207FB4340084D297 /* YBImageBrowser.m */; };
		23E433FC2080D1E500C8DBFB /* YBImageBrowserToolBar.m in Sources */ = {isa = PBXBuildFile; fileRef = 23E433FB2080D1E500C8DBFB /* YBImageBrowserToolBar.m */; };
		23E434002080D84900C8DBFB /* ybImageBrowser_more.png in Resources */ = {isa = PBXBuildFile; fileRef = 23E433FF2080D84900C8DBFB /* ybImageBrowser_more.png */; };
		23E434032080F3BA00C8DBFB /* YBImageBrowserFunctionBar.m in Sources */ = {isa = PBXBuildFile; fileRef = 23E434022080F3BA00C8DBFB /* YBImageBrowserFunctionBar.m */; };
		706BF140207CAAB30034663E /* AppDelegate.m in Sources */ = {isa = PBXBuildFile; fileRef = 706BF13F207CAAB30034663E /* AppDelegate.m */; };
		706BF143207CAAB30034663E /* ViewController.m in Sources */ = {isa = PBXBuildFile; fileRef = 706BF142207CAAB30034663E /* ViewController.m */; };
		706BF146207CAAB30034663E /* Main.storyboard in Resources */ = {isa = PBXBuildFile; fileRef = 706BF144207CAAB30034663E /* Main.storyboard */; };
		706BF148207CAAB30034663E /* Assets.xcassets in Resources */ = {isa = PBXBuildFile; fileRef = 706BF147207CAAB30034663E /* Assets.xcassets */; };
		706BF14B207CAAB30034663E /* LaunchScreen.storyboard in Resources */ = {isa = PBXBuildFile; fileRef = 706BF149207CAAB30034663E /* LaunchScreen.storyboard */; };
		706BF14E207CAAB30034663E /* main.m in Sources */ = {isa = PBXBuildFile; fileRef = 706BF14D207CAAB30034663E /* main.m */; };
		706BF15D207CB7060034663E /* YBImageBrowserCell.m in Sources */ = {isa = PBXBuildFile; fileRef = 706BF15C207CB7060034663E /* YBImageBrowserCell.m */; };
		706BF160207CB72F0034663E /* YBImageBrowserView.m in Sources */ = {isa = PBXBuildFile; fileRef = 706BF15F207CB72F0034663E /* YBImageBrowserView.m */; };
		70A67664207DA0E2000EB602 /* gif0.gif in Resources */ = {isa = PBXBuildFile; fileRef = 70A67663207DA0E1000EB602 /* gif0.gif */; };
		70A67667207DAFA3000EB602 /* YBImageBrowserTool.m in Sources */ = {isa = PBXBuildFile; fileRef = 70A67666207DAFA3000EB602 /* YBImageBrowserTool.m */; };
		70A6F066207DD97B004A0CBA /* YBImageBrowserProgressBar.m in Sources */ = {isa = PBXBuildFile; fileRef = 70A6F065207DD97B004A0CBA /* YBImageBrowserProgressBar.m */; };
		B454E29D3983D8A7DEBE5730 /* Pods_YBImageBrowserDemo.framework in Frameworks */ = {isa = PBXBuildFile; fileRef = FD3D3D4051E4334DCB91E8A4 /* Pods_YBImageBrowserDemo.framework */; };
/* End PBXBuildFile section */

/* Begin PBXFileReference section */
		23552133207CE3CB00769FD4 /* YBImageBrowserModel.h */ = {isa = PBXFileReference; lastKnownFileType = sourcecode.c.h; path = YBImageBrowserModel.h; sourceTree = "<group>"; };
		23552134207CE3CB00769FD4 /* YBImageBrowserModel.m */ = {isa = PBXFileReference; lastKnownFileType = sourcecode.c.objc; path = YBImageBrowserModel.m; sourceTree = "<group>"; };
		2394EBAB207FB4340084D297 /* YBImageBrowser.h */ = {isa = PBXFileReference; lastKnownFileType = sourcecode.c.h; path = YBImageBrowser.h; sourceTree = "<group>"; };
		2394EBAC207FB4340084D297 /* YBImageBrowser.m */ = {isa = PBXFileReference; lastKnownFileType = sourcecode.c.objc; path = YBImageBrowser.m; sourceTree = "<group>"; wrapsLines = 1; };
		23E433FA2080D1E500C8DBFB /* YBImageBrowserToolBar.h */ = {isa = PBXFileReference; lastKnownFileType = sourcecode.c.h; path = YBImageBrowserToolBar.h; sourceTree = "<group>"; };
		23E433FB2080D1E500C8DBFB /* YBImageBrowserToolBar.m */ = {isa = PBXFileReference; lastKnownFileType = sourcecode.c.objc; path = YBImageBrowserToolBar.m; sourceTree = "<group>"; };
		23E433FF2080D84900C8DBFB /* ybImageBrowser_more.png */ = {isa = PBXFileReference; lastKnownFileType = image.png; path = ybImageBrowser_more.png; sourceTree = "<group>"; };
		23E434012080F3BA00C8DBFB /* YBImageBrowserFunctionBar.h */ = {isa = PBXFileReference; lastKnownFileType = sourcecode.c.h; path = YBImageBrowserFunctionBar.h; sourceTree = "<group>"; };
		23E434022080F3BA00C8DBFB /* YBImageBrowserFunctionBar.m */ = {isa = PBXFileReference; lastKnownFileType = sourcecode.c.objc; path = YBImageBrowserFunctionBar.m; sourceTree = "<group>"; };
		706BF13B207CAAB30034663E /* YBImageBrowserDemo.app */ = {isa = PBXFileReference; explicitFileType = wrapper.application; includeInIndex = 0; path = YBImageBrowserDemo.app; sourceTree = BUILT_PRODUCTS_DIR; };
		706BF13E207CAAB30034663E /* AppDelegate.h */ = {isa = PBXFileReference; lastKnownFileType = sourcecode.c.h; path = AppDelegate.h; sourceTree = "<group>"; };
		706BF13F207CAAB30034663E /* AppDelegate.m */ = {isa = PBXFileReference; lastKnownFileType = sourcecode.c.objc; path = AppDelegate.m; sourceTree = "<group>"; };
		706BF141207CAAB30034663E /* ViewController.h */ = {isa = PBXFileReference; lastKnownFileType = sourcecode.c.h; path = ViewController.h; sourceTree = "<group>"; };
		706BF142207CAAB30034663E /* ViewController.m */ = {isa = PBXFileReference; lastKnownFileType = sourcecode.c.objc; path = ViewController.m; sourceTree = "<group>"; };
		706BF145207CAAB30034663E /* Base */ = {isa = PBXFileReference; lastKnownFileType = file.storyboard; name = Base; path = Base.lproj/Main.storyboard; sourceTree = "<group>"; };
		706BF147207CAAB30034663E /* Assets.xcassets */ = {isa = PBXFileReference; lastKnownFileType = folder.assetcatalog; path = Assets.xcassets; sourceTree = "<group>"; };
		706BF14A207CAAB30034663E /* Base */ = {isa = PBXFileReference; lastKnownFileType = file.storyboard; name = Base; path = Base.lproj/LaunchScreen.storyboard; sourceTree = "<group>"; };
		706BF14C207CAAB30034663E /* Info.plist */ = {isa = PBXFileReference; lastKnownFileType = text.plist.xml; path = Info.plist; sourceTree = "<group>"; };
		706BF14D207CAAB30034663E /* main.m */ = {isa = PBXFileReference; lastKnownFileType = sourcecode.c.objc; path = main.m; sourceTree = "<group>"; };
		706BF15B207CB7060034663E /* YBImageBrowserCell.h */ = {isa = PBXFileReference; lastKnownFileType = sourcecode.c.h; path = YBImageBrowserCell.h; sourceTree = "<group>"; };
		706BF15C207CB7060034663E /* YBImageBrowserCell.m */ = {isa = PBXFileReference; lastKnownFileType = sourcecode.c.objc; path = YBImageBrowserCell.m; sourceTree = "<group>"; };
		706BF15E207CB72F0034663E /* YBImageBrowserView.h */ = {isa = PBXFileReference; lastKnownFileType = sourcecode.c.h; path = YBImageBrowserView.h; sourceTree = "<group>"; };
		706BF15F207CB72F0034663E /* YBImageBrowserView.m */ = {isa = PBXFileReference; lastKnownFileType = sourcecode.c.objc; path = YBImageBrowserView.m; sourceTree = "<group>"; };
		70A67663207DA0E1000EB602 /* gif0.gif */ = {isa = PBXFileReference; lastKnownFileType = image.gif; path = gif0.gif; sourceTree = "<group>"; };
		70A67665207DAFA3000EB602 /* YBImageBrowserTool.h */ = {isa = PBXFileReference; lastKnownFileType = sourcecode.c.h; path = YBImageBrowserTool.h; sourceTree = "<group>"; };
		70A67666207DAFA3000EB602 /* YBImageBrowserTool.m */ = {isa = PBXFileReference; lastKnownFileType = sourcecode.c.objc; path = YBImageBrowserTool.m; sourceTree = "<group>"; };
		70A6F064207DD97B004A0CBA /* YBImageBrowserProgressBar.h */ = {isa = PBXFileReference; lastKnownFileType = sourcecode.c.h; path = YBImageBrowserProgressBar.h; sourceTree = "<group>"; };
		70A6F065207DD97B004A0CBA /* YBImageBrowserProgressBar.m */ = {isa = PBXFileReference; lastKnownFileType = sourcecode.c.objc; path = YBImageBrowserProgressBar.m; sourceTree = "<group>"; };
		B7388A27B4CDF81F1636CB45 /* Pods-YBImageBrowserDemo.debug.xcconfig */ = {isa = PBXFileReference; includeInIndex = 1; lastKnownFileType = text.xcconfig; name = "Pods-YBImageBrowserDemo.debug.xcconfig"; path = "Pods/Target Support Files/Pods-YBImageBrowserDemo/Pods-YBImageBrowserDemo.debug.xcconfig"; sourceTree = "<group>"; };
		FD3D3D4051E4334DCB91E8A4 /* Pods_YBImageBrowserDemo.framework */ = {isa = PBXFileReference; explicitFileType = wrapper.framework; includeInIndex = 0; path = Pods_YBImageBrowserDemo.framework; sourceTree = BUILT_PRODUCTS_DIR; };
		FF7A9D2ED33D23814BE790C3 /* Pods-YBImageBrowserDemo.release.xcconfig */ = {isa = PBXFileReference; includeInIndex = 1; lastKnownFileType = text.xcconfig; name = "Pods-YBImageBrowserDemo.release.xcconfig"; path = "Pods/Target Support Files/Pods-YBImageBrowserDemo/Pods-YBImageBrowserDemo.release.xcconfig"; sourceTree = "<group>"; };
/* End PBXFileReference section */

/* Begin PBXFrameworksBuildPhase section */
		706BF138207CAAB30034663E /* Frameworks */ = {
			isa = PBXFrameworksBuildPhase;
			buildActionMask = 2147483647;
			files = (
				B454E29D3983D8A7DEBE5730 /* Pods_YBImageBrowserDemo.framework in Frameworks */,
			);
			runOnlyForDeploymentPostprocessing = 0;
		};
/* End PBXFrameworksBuildPhase section */

/* Begin PBXGroup section */
		23E433FE2080D5EA00C8DBFB /* File */ = {
			isa = PBXGroup;
			children = (
				23E433FF2080D84900C8DBFB /* ybImageBrowser_more.png */,
			);
			path = File;
			sourceTree = "<group>";
		};
		60CB5F15B3CFF1B885DEF91B /* Pods */ = {
			isa = PBXGroup;
			children = (
				B7388A27B4CDF81F1636CB45 /* Pods-YBImageBrowserDemo.debug.xcconfig */,
				FF7A9D2ED33D23814BE790C3 /* Pods-YBImageBrowserDemo.release.xcconfig */,
			);
			name = Pods;
			sourceTree = "<group>";
		};
		706BF132207CAAB20034663E = {
			isa = PBXGroup;
			children = (
				706BF13D207CAAB30034663E /* YBImageBrowserDemo */,
				706BF13C207CAAB30034663E /* Products */,
				60CB5F15B3CFF1B885DEF91B /* Pods */,
				E891A8ECF05E69B092BE9682 /* Frameworks */,
			);
			sourceTree = "<group>";
		};
		706BF13C207CAAB30034663E /* Products */ = {
			isa = PBXGroup;
			children = (
				706BF13B207CAAB30034663E /* YBImageBrowserDemo.app */,
			);
			name = Products;
			sourceTree = "<group>";
		};
		706BF13D207CAAB30034663E /* YBImageBrowserDemo */ = {
			isa = PBXGroup;
			children = (
				706BF154207CAAD80034663E /* YBImageBrowser */,
				706BF13E207CAAB30034663E /* AppDelegate.h */,
				706BF13F207CAAB30034663E /* AppDelegate.m */,
				706BF141207CAAB30034663E /* ViewController.h */,
				706BF142207CAAB30034663E /* ViewController.m */,
				70A67663207DA0E1000EB602 /* gif0.gif */,
				706BF144207CAAB30034663E /* Main.storyboard */,
				706BF147207CAAB30034663E /* Assets.xcassets */,
				706BF149207CAAB30034663E /* LaunchScreen.storyboard */,
				706BF14C207CAAB30034663E /* Info.plist */,
				706BF14D207CAAB30034663E /* main.m */,
			);
			path = YBImageBrowserDemo;
			sourceTree = "<group>";
		};
		706BF154207CAAD80034663E /* YBImageBrowser */ = {
			isa = PBXGroup;
			children = (
				23E433FE2080D5EA00C8DBFB /* File */,
				70A6F063207DD4AA004A0CBA /* Tool */,
				70A6F061207DD478004A0CBA /* Model */,
				70A6F060207DD470004A0CBA /* View */,
				2394EBAB207FB4340084D297 /* YBImageBrowser.h */,
				2394EBAC207FB4340084D297 /* YBImageBrowser.m */,
			);
			path = YBImageBrowser;
			sourceTree = SOURCE_ROOT;
		};
		70A6F060207DD470004A0CBA /* View */ = {
			isa = PBXGroup;
			children = (
				70A6F064207DD97B004A0CBA /* YBImageBrowserProgressBar.h */,
				70A6F065207DD97B004A0CBA /* YBImageBrowserProgressBar.m */,
				23E433FA2080D1E500C8DBFB /* YBImageBrowserToolBar.h */,
				23E433FB2080D1E500C8DBFB /* YBImageBrowserToolBar.m */,
				23E434012080F3BA00C8DBFB /* YBImageBrowserFunctionBar.h */,
				23E434022080F3BA00C8DBFB /* YBImageBrowserFunctionBar.m */,
				706BF15E207CB72F0034663E /* YBImageBrowserView.h */,
				706BF15F207CB72F0034663E /* YBImageBrowserView.m */,
				706BF15B207CB7060034663E /* YBImageBrowserCell.h */,
				706BF15C207CB7060034663E /* YBImageBrowserCell.m */,
			);
			path = View;
			sourceTree = "<group>";
		};
		70A6F061207DD478004A0CBA /* Model */ = {
			isa = PBXGroup;
			children = (
				23552133207CE3CB00769FD4 /* YBImageBrowserModel.h */,
				23552134207CE3CB00769FD4 /* YBImageBrowserModel.m */,
			);
			path = Model;
			sourceTree = "<group>";
		};
		70A6F063207DD4AA004A0CBA /* Tool */ = {
			isa = PBXGroup;
			children = (
				70A67665207DAFA3000EB602 /* YBImageBrowserTool.h */,
				70A67666207DAFA3000EB602 /* YBImageBrowserTool.m */,
			);
			path = Tool;
			sourceTree = "<group>";
		};
		E891A8ECF05E69B092BE9682 /* Frameworks */ = {
			isa = PBXGroup;
			children = (
				FD3D3D4051E4334DCB91E8A4 /* Pods_YBImageBrowserDemo.framework */,
			);
			name = Frameworks;
			sourceTree = "<group>";
		};
/* End PBXGroup section */

/* Begin PBXNativeTarget section */
		706BF13A207CAAB30034663E /* YBImageBrowserDemo */ = {
			isa = PBXNativeTarget;
			buildConfigurationList = 706BF151207CAAB30034663E /* Build configuration list for PBXNativeTarget "YBImageBrowserDemo" */;
			buildPhases = (
				BC70BC1292F4D50DE683DE8C /* [CP] Check Pods Manifest.lock */,
				706BF137207CAAB30034663E /* Sources */,
				706BF138207CAAB30034663E /* Frameworks */,
				706BF139207CAAB30034663E /* Resources */,
				D4E3D03BE78EB1DAAE1E621E /* [CP] Embed Pods Frameworks */,
				ADCE1F38DCEAED4CE6E5A6AE /* [CP] Copy Pods Resources */,
			);
			buildRules = (
			);
			dependencies = (
			);
			name = YBImageBrowserDemo;
			productName = YBImageBrowserDemo;
			productReference = 706BF13B207CAAB30034663E /* YBImageBrowserDemo.app */;
			productType = "com.apple.product-type.application";
		};
/* End PBXNativeTarget section */

/* Begin PBXProject section */
		706BF133207CAAB20034663E /* Project object */ = {
			isa = PBXProject;
			attributes = {
				LastUpgradeCheck = 0920;
				ORGANIZATIONNAME = "杨波";
				TargetAttributes = {
					706BF13A207CAAB30034663E = {
						CreatedOnToolsVersion = 9.2;
						ProvisioningStyle = Automatic;
					};
				};
			};
			buildConfigurationList = 706BF136207CAAB20034663E /* Build configuration list for PBXProject "YBImageBrowserDemo" */;
			compatibilityVersion = "Xcode 8.0";
			developmentRegion = en;
			hasScannedForEncodings = 0;
			knownRegions = (
				en,
				Base,
			);
			mainGroup = 706BF132207CAAB20034663E;
			productRefGroup = 706BF13C207CAAB30034663E /* Products */;
			projectDirPath = "";
			projectRoot = "";
			targets = (
				706BF13A207CAAB30034663E /* YBImageBrowserDemo */,
			);
		};
/* End PBXProject section */

/* Begin PBXResourcesBuildPhase section */
		706BF139207CAAB30034663E /* Resources */ = {
			isa = PBXResourcesBuildPhase;
			buildActionMask = 2147483647;
			files = (
				706BF14B207CAAB30034663E /* LaunchScreen.storyboard in Resources */,
				706BF148207CAAB30034663E /* Assets.xcassets in Resources */,
				70A67664207DA0E2000EB602 /* gif0.gif in Resources */,
				23E434002080D84900C8DBFB /* ybImageBrowser_more.png in Resources */,
				706BF146207CAAB30034663E /* Main.storyboard in Resources */,
			);
			runOnlyForDeploymentPostprocessing = 0;
		};
/* End PBXResourcesBuildPhase section */

/* Begin PBXShellScriptBuildPhase section */
		ADCE1F38DCEAED4CE6E5A6AE /* [CP] Copy Pods Resources */ = {
			isa = PBXShellScriptBuildPhase;
			buildActionMask = 2147483647;
			files = (
			);
			inputPaths = (
			);
			name = "[CP] Copy Pods Resources";
			outputPaths = (
			);
			runOnlyForDeploymentPostprocessing = 0;
			shellPath = /bin/sh;
			shellScript = "\"${SRCROOT}/Pods/Target Support Files/Pods-YBImageBrowserDemo/Pods-YBImageBrowserDemo-resources.sh\"\n";
			showEnvVarsInLog = 0;
		};
		BC70BC1292F4D50DE683DE8C /* [CP] Check Pods Manifest.lock */ = {
			isa = PBXShellScriptBuildPhase;
			buildActionMask = 2147483647;
			files = (
			);
			inputPaths = (
				"${PODS_PODFILE_DIR_PATH}/Podfile.lock",
				"${PODS_ROOT}/Manifest.lock",
			);
			name = "[CP] Check Pods Manifest.lock";
			outputPaths = (
				"$(DERIVED_FILE_DIR)/Pods-YBImageBrowserDemo-checkManifestLockResult.txt",
			);
			runOnlyForDeploymentPostprocessing = 0;
			shellPath = /bin/sh;
			shellScript = "diff \"${PODS_PODFILE_DIR_PATH}/Podfile.lock\" \"${PODS_ROOT}/Manifest.lock\" > /dev/null\nif [ $? != 0 ] ; then\n    # print error to STDERR\n    echo \"error: The sandbox is not in sync with the Podfile.lock. Run 'pod install' or update your CocoaPods installation.\" >&2\n    exit 1\nfi\n# This output is used by Xcode 'outputs' to avoid re-running this script phase.\necho \"SUCCESS\" > \"${SCRIPT_OUTPUT_FILE_0}\"\n";
			showEnvVarsInLog = 0;
		};
		D4E3D03BE78EB1DAAE1E621E /* [CP] Embed Pods Frameworks */ = {
			isa = PBXShellScriptBuildPhase;
			buildActionMask = 2147483647;
			files = (
			);
			inputPaths = (
				"${SRCROOT}/Pods/Target Support Files/Pods-YBImageBrowserDemo/Pods-YBImageBrowserDemo-frameworks.sh",
				"${BUILT_PRODUCTS_DIR}/FLAnimatedImage/FLAnimatedImage.framework",
				"${BUILT_PRODUCTS_DIR}/SDWebImage/SDWebImage.framework",
			);
			name = "[CP] Embed Pods Frameworks";
			outputPaths = (
				"${TARGET_BUILD_DIR}/${FRAMEWORKS_FOLDER_PATH}/FLAnimatedImage.framework",
				"${TARGET_BUILD_DIR}/${FRAMEWORKS_FOLDER_PATH}/SDWebImage.framework",
			);
			runOnlyForDeploymentPostprocessing = 0;
			shellPath = /bin/sh;
			shellScript = "\"${SRCROOT}/Pods/Target Support Files/Pods-YBImageBrowserDemo/Pods-YBImageBrowserDemo-frameworks.sh\"\n";
			showEnvVarsInLog = 0;
		};
/* End PBXShellScriptBuildPhase section */

/* Begin PBXSourcesBuildPhase section */
		706BF137207CAAB30034663E /* Sources */ = {
			isa = PBXSourcesBuildPhase;
			buildActionMask = 2147483647;
			files = (
				706BF143207CAAB30034663E /* ViewController.m in Sources */,
				706BF160207CB72F0034663E /* YBImageBrowserView.m in Sources */,
				23552135207CE3CB00769FD4 /* YBImageBrowserModel.m in Sources */,
				2394EBAD207FB4340084D297 /* YBImageBrowser.m in Sources */,
				706BF14E207CAAB30034663E /* main.m in Sources */,
				706BF140207CAAB30034663E /* AppDelegate.m in Sources */,
				23E434032080F3BA00C8DBFB /* YBImageBrowserFunctionBar.m in Sources */,
				706BF15D207CB7060034663E /* YBImageBrowserCell.m in Sources */,
				70A67667207DAFA3000EB602 /* YBImageBrowserTool.m in Sources */,
				70A6F066207DD97B004A0CBA /* YBImageBrowserProgressBar.m in Sources */,
				23E433FC2080D1E500C8DBFB /* YBImageBrowserToolBar.m in Sources */,
			);
			runOnlyForDeploymentPostprocessing = 0;
		};
/* End PBXSourcesBuildPhase section */

/* Begin PBXVariantGroup section */
		706BF144207CAAB30034663E /* Main.storyboard */ = {
			isa = PBXVariantGroup;
			children = (
				706BF145207CAAB30034663E /* Base */,
			);
			name = Main.storyboard;
			sourceTree = "<group>";
		};
		706BF149207CAAB30034663E /* LaunchScreen.storyboard */ = {
			isa = PBXVariantGroup;
			children = (
				706BF14A207CAAB30034663E /* Base */,
			);
			name = LaunchScreen.storyboard;
			sourceTree = "<group>";
		};
/* End PBXVariantGroup section */

/* Begin XCBuildConfiguration section */
		706BF14F207CAAB30034663E /* Debug */ = {
			isa = XCBuildConfiguration;
			buildSettings = {
				ALWAYS_SEARCH_USER_PATHS = NO;
				CLANG_ANALYZER_NONNULL = YES;
				CLANG_ANALYZER_NUMBER_OBJECT_CONVERSION = YES_AGGRESSIVE;
				CLANG_CXX_LANGUAGE_STANDARD = "gnu++14";
				CLANG_CXX_LIBRARY = "libc++";
				CLANG_ENABLE_MODULES = YES;
				CLANG_ENABLE_OBJC_ARC = YES;
				CLANG_WARN_BLOCK_CAPTURE_AUTORELEASING = YES;
				CLANG_WARN_BOOL_CONVERSION = YES;
				CLANG_WARN_COMMA = YES;
				CLANG_WARN_CONSTANT_CONVERSION = YES;
				CLANG_WARN_DIRECT_OBJC_ISA_USAGE = YES_ERROR;
				CLANG_WARN_DOCUMENTATION_COMMENTS = YES;
				CLANG_WARN_EMPTY_BODY = YES;
				CLANG_WARN_ENUM_CONVERSION = YES;
				CLANG_WARN_INFINITE_RECURSION = YES;
				CLANG_WARN_INT_CONVERSION = YES;
				CLANG_WARN_NON_LITERAL_NULL_CONVERSION = YES;
				CLANG_WARN_OBJC_LITERAL_CONVERSION = YES;
				CLANG_WARN_OBJC_ROOT_CLASS = YES_ERROR;
				CLANG_WARN_RANGE_LOOP_ANALYSIS = YES;
				CLANG_WARN_STRICT_PROTOTYPES = YES;
				CLANG_WARN_SUSPICIOUS_MOVE = YES;
				CLANG_WARN_UNGUARDED_AVAILABILITY = YES_AGGRESSIVE;
				CLANG_WARN_UNREACHABLE_CODE = YES;
				CLANG_WARN__DUPLICATE_METHOD_MATCH = YES;
				CODE_SIGN_IDENTITY = "iPhone Developer";
				COPY_PHASE_STRIP = NO;
				DEBUG_INFORMATION_FORMAT = dwarf;
				ENABLE_STRICT_OBJC_MSGSEND = YES;
				ENABLE_TESTABILITY = YES;
				GCC_C_LANGUAGE_STANDARD = gnu11;
				GCC_DYNAMIC_NO_PIC = NO;
				GCC_NO_COMMON_BLOCKS = YES;
				GCC_OPTIMIZATION_LEVEL = 0;
				GCC_PREPROCESSOR_DEFINITIONS = (
					"DEBUG=1",
					"$(inherited)",
				);
				GCC_WARN_64_TO_32_BIT_CONVERSION = YES;
				GCC_WARN_ABOUT_RETURN_TYPE = YES_ERROR;
				GCC_WARN_UNDECLARED_SELECTOR = YES;
				GCC_WARN_UNINITIALIZED_AUTOS = YES_AGGRESSIVE;
				GCC_WARN_UNUSED_FUNCTION = YES;
				GCC_WARN_UNUSED_VARIABLE = YES;
				IPHONEOS_DEPLOYMENT_TARGET = 11.2;
				MTL_ENABLE_DEBUG_INFO = YES;
				ONLY_ACTIVE_ARCH = YES;
				SDKROOT = iphoneos;
			};
			name = Debug;
		};
		706BF150207CAAB30034663E /* Release */ = {
			isa = XCBuildConfiguration;
			buildSettings = {
				ALWAYS_SEARCH_USER_PATHS = NO;
				CLANG_ANALYZER_NONNULL = YES;
				CLANG_ANALYZER_NUMBER_OBJECT_CONVERSION = YES_AGGRESSIVE;
				CLANG_CXX_LANGUAGE_STANDARD = "gnu++14";
				CLANG_CXX_LIBRARY = "libc++";
				CLANG_ENABLE_MODULES = YES;
				CLANG_ENABLE_OBJC_ARC = YES;
				CLANG_WARN_BLOCK_CAPTURE_AUTORELEASING = YES;
				CLANG_WARN_BOOL_CONVERSION = YES;
				CLANG_WARN_COMMA = YES;
				CLANG_WARN_CONSTANT_CONVERSION = YES;
				CLANG_WARN_DIRECT_OBJC_ISA_USAGE = YES_ERROR;
				CLANG_WARN_DOCUMENTATION_COMMENTS = YES;
				CLANG_WARN_EMPTY_BODY = YES;
				CLANG_WARN_ENUM_CONVERSION = YES;
				CLANG_WARN_INFINITE_RECURSION = YES;
				CLANG_WARN_INT_CONVERSION = YES;
				CLANG_WARN_NON_LITERAL_NULL_CONVERSION = YES;
				CLANG_WARN_OBJC_LITERAL_CONVERSION = YES;
				CLANG_WARN_OBJC_ROOT_CLASS = YES_ERROR;
				CLANG_WARN_RANGE_LOOP_ANALYSIS = YES;
				CLANG_WARN_STRICT_PROTOTYPES = YES;
				CLANG_WARN_SUSPICIOUS_MOVE = YES;
				CLANG_WARN_UNGUARDED_AVAILABILITY = YES_AGGRESSIVE;
				CLANG_WARN_UNREACHABLE_CODE = YES;
				CLANG_WARN__DUPLICATE_METHOD_MATCH = YES;
				CODE_SIGN_IDENTITY = "iPhone Developer";
				COPY_PHASE_STRIP = NO;
				DEBUG_INFORMATION_FORMAT = "dwarf-with-dsym";
				ENABLE_NS_ASSERTIONS = NO;
				ENABLE_STRICT_OBJC_MSGSEND = YES;
				GCC_C_LANGUAGE_STANDARD = gnu11;
				GCC_NO_COMMON_BLOCKS = YES;
				GCC_WARN_64_TO_32_BIT_CONVERSION = YES;
				GCC_WARN_ABOUT_RETURN_TYPE = YES_ERROR;
				GCC_WARN_UNDECLARED_SELECTOR = YES;
				GCC_WARN_UNINITIALIZED_AUTOS = YES_AGGRESSIVE;
				GCC_WARN_UNUSED_FUNCTION = YES;
				GCC_WARN_UNUSED_VARIABLE = YES;
				IPHONEOS_DEPLOYMENT_TARGET = 11.2;
				MTL_ENABLE_DEBUG_INFO = NO;
				SDKROOT = iphoneos;
				VALIDATE_PRODUCT = YES;
			};
			name = Release;
		};
		706BF152207CAAB30034663E /* Debug */ = {
			isa = XCBuildConfiguration;
			baseConfigurationReference = B7388A27B4CDF81F1636CB45 /* Pods-YBImageBrowserDemo.debug.xcconfig */;
			buildSettings = {
				ASSETCATALOG_COMPILER_APPICON_NAME = AppIcon;
				"CODE_SIGN_IDENTITY[sdk=iphoneos*]" = "iPhone Developer";
				CODE_SIGN_STYLE = Automatic;
				DEVELOPMENT_TEAM = UU8H9EQ986;
				INFOPLIST_FILE = YBImageBrowserDemo/Info.plist;
				IPHONEOS_DEPLOYMENT_TARGET = 8.0;
				LD_RUNPATH_SEARCH_PATHS = "$(inherited) @executable_path/Frameworks";
				PRODUCT_BUNDLE_IDENTIFIER = com.yb.YBImageBrowserDemo;
				PRODUCT_NAME = "$(TARGET_NAME)";
				PROVISIONING_PROFILE_SPECIFIER = "";
				TARGETED_DEVICE_FAMILY = "1,2";
			};
			name = Debug;
		};
		706BF153207CAAB30034663E /* Release */ = {
			isa = XCBuildConfiguration;
			baseConfigurationReference = FF7A9D2ED33D23814BE790C3 /* Pods-YBImageBrowserDemo.release.xcconfig */;
			buildSettings = {
				ASSETCATALOG_COMPILER_APPICON_NAME = AppIcon;
				"CODE_SIGN_IDENTITY[sdk=iphoneos*]" = "iPhone Developer";
				CODE_SIGN_STYLE = Automatic;
				DEVELOPMENT_TEAM = UU8H9EQ986;
				INFOPLIST_FILE = YBImageBrowserDemo/Info.plist;
				IPHONEOS_DEPLOYMENT_TARGET = 8.0;
				LD_RUNPATH_SEARCH_PATHS = "$(inherited) @executable_path/Frameworks";
				PRODUCT_BUNDLE_IDENTIFIER = com.yb.YBImageBrowserDemo;
				PRODUCT_NAME = "$(TARGET_NAME)";
				PROVISIONING_PROFILE_SPECIFIER = "";
				TARGETED_DEVICE_FAMILY = "1,2";
			};
			name = Release;
		};
/* End XCBuildConfiguration section */

/* Begin XCConfigurationList section */
		706BF136207CAAB20034663E /* Build configuration list for PBXProject "YBImageBrowserDemo" */ = {
			isa = XCConfigurationList;
			buildConfigurations = (
				706BF14F207CAAB30034663E /* Debug */,
				706BF150207CAAB30034663E /* Release */,
			);
			defaultConfigurationIsVisible = 0;
			defaultConfigurationName = Release;
		};
		706BF151207CAAB30034663E /* Build configuration list for PBXNativeTarget "YBImageBrowserDemo" */ = {
			isa = XCConfigurationList;
			buildConfigurations = (
				706BF152207CAAB30034663E /* Debug */,
				706BF153207CAAB30034663E /* Release */,
			);
			defaultConfigurationIsVisible = 0;
			defaultConfigurationName = Release;
		};
/* End XCConfigurationList section */
	};
	rootObject = 706BF133207CAAB20034663E /* Project object */;
}
