// !$*UTF8*$!
{
	archiveVersion = 1;
	classes = {
	};
	objectVersion = 48;
	objects = {

/* Begin PBXBuildFile section */
		2315186D21368D570066A7E2 /* YBIBFileManager.m in Sources */ = {isa = PBXBuildFile; fileRef = 2315186C21368D560066A7E2 /* YBIBFileManager.m */; };
		231AAD722130D88C00524504 /* YBImageBrowserView.m in Sources */ = {isa = PBXBuildFile; fileRef = 231AAD712130D88C00524504 /* YBImageBrowserView.m */; };
		231AAD752130D91900524504 /* YBImageBrowseCell.m in Sources */ = {isa = PBXBuildFile; fileRef = 231AAD742130D91900524504 /* YBImageBrowseCell.m */; };
		231AAD782130DCE300524504 /* YBImageBrowserViewLayout.m in Sources */ = {isa = PBXBuildFile; fileRef = 231AAD762130DCE200524504 /* YBImageBrowserViewLayout.m */; };
		231AAD8B2131990900524504 /* YBImageBrowseCellData.m in Sources */ = {isa = PBXBuildFile; fileRef = 231AAD8A2131990900524504 /* YBImageBrowseCellData.m */; };
		231DC27B2147E2B7001B026B /* YBIBGestureInteractionProfile.m in Sources */ = {isa = PBXBuildFile; fileRef = 231DC27A2147E2B7001B026B /* YBIBGestureInteractionProfile.m */; };
		231F6A2C2134E4C50011354C /* YBVideoBrowseCell.m in Sources */ = {isa = PBXBuildFile; fileRef = 231F6A2B2134E4C50011354C /* YBVideoBrowseCell.m */; };
		231F6A2F2134E4DA0011354C /* YBVideoBrowseCellData.m in Sources */ = {isa = PBXBuildFile; fileRef = 231F6A2E2134E4DA0011354C /* YBVideoBrowseCellData.m */; };
		233167D0214B5260006E6318 /* MainImageCell.m in Sources */ = {isa = PBXBuildFile; fileRef = 233167CE214B5260006E6318 /* MainImageCell.m */; };
		233167D1214B5260006E6318 /* MainImageCell.xib in Resources */ = {isa = PBXBuildFile; fileRef = 233167CF214B5260006E6318 /* MainImageCell.xib */; };
		23348F222089CBD300E4D524 /* YBImageBrowser.bundle in Resources */ = {isa = PBXBuildFile; fileRef = 23348F212089CBD300E4D524 /* YBImageBrowser.bundle */; };
		23374E2F213520CE000C6E9D /* YBIBPhotoAlbumManager.m in Sources */ = {isa = PBXBuildFile; fileRef = 23374E2E213520CE000C6E9D /* YBIBPhotoAlbumManager.m */; };
		2338C3F1213256D90002183E /* CustomCell.m in Sources */ = {isa = PBXBuildFile; fileRef = 2338C3EF213256D90002183E /* CustomCell.m */; };
		2338C3F5213257190002183E /* CustomCellData.m in Sources */ = {isa = PBXBuildFile; fileRef = 2338C3F4213257190002183E /* CustomCellData.m */; };
		2338C3F7213259AC0002183E /* CustomCell.xib in Resources */ = {isa = PBXBuildFile; fileRef = 2338C3F6213259AC0002183E /* CustomCell.xib */; };
		2338C3FB213266690002183E /* localGifImage0.gif in Resources */ = {isa = PBXBuildFile; fileRef = 2338C3FA213266680002183E /* localGifImage0.gif */; };
		2338C4042132869A0002183E /* localLongImage0.jpeg in Resources */ = {isa = PBXBuildFile; fileRef = 2338C4022132869A0002183E /* localLongImage0.jpeg */; };
		23562B8E2202986A00B4E9C2 /* localBigImage1.jpg in Resources */ = {isa = PBXBuildFile; fileRef = 23562B8D2202986A00B4E9C2 /* localBigImage1.jpg */; };
		2357955F214A5C5500AD685B /* YBIBCopywriter.m in Sources */ = {isa = PBXBuildFile; fileRef = 2357955E214A5C5500AD685B /* YBIBCopywriter.m */; };
		235B98F0213512E00022815A /* video0.MP4 in Resources */ = {isa = PBXBuildFile; fileRef = 235B98EF213512E00022815A /* video0.MP4 */; };
		236D18DF216F0EEF00DB3009 /* localGifImage1.gif in Resources */ = {isa = PBXBuildFile; fileRef = 236D18DE216F0EEF00DB3009 /* localGifImage1.gif */; };
		236D1B06214A858700290B8C /* MainViewController.m in Sources */ = {isa = PBXBuildFile; fileRef = 236D1B05214A858700290B8C /* MainViewController.m */; };
		237844372148C0AC0037319E /* YBImageBrowserToolBar.m in Sources */ = {isa = PBXBuildFile; fileRef = 237844362148C0AC0037319E /* YBImageBrowserToolBar.m */; };
		2378443A2148FC5B0037319E /* YBImageBrowserSheetView.m in Sources */ = {isa = PBXBuildFile; fileRef = 237844392148FC5B0037319E /* YBImageBrowserSheetView.m */; };
		238619A3212FB62E00A4F810 /* YBImageBrowser.m in Sources */ = {isa = PBXBuildFile; fileRef = 238619A2212FB62E00A4F810 /* YBImageBrowser.m */; };
		238AC7A0213E89B400F2740D /* YBIBTransitionManager.m in Sources */ = {isa = PBXBuildFile; fileRef = 238AC79F213E89B400F2740D /* YBIBTransitionManager.m */; };
		238D4F502146686C00013E50 /* YBVideoBrowseTopBar.m in Sources */ = {isa = PBXBuildFile; fileRef = 238D4F4F2146686C00013E50 /* YBVideoBrowseTopBar.m */; };
		23A430C7214FF2E300277BD8 /* YBIBLayoutDirectionManager.m in Sources */ = {isa = PBXBuildFile; fileRef = 23A430C6214FF2E300277BD8 /* YBIBLayoutDirectionManager.m */; };
		23D44677213A602400D03DD5 /* YBImageBrowserProgressView.m in Sources */ = {isa = PBXBuildFile; fileRef = 23D44676213A602400D03DD5 /* YBImageBrowserProgressView.m */; };
		23D7BA15213A37DD000A4265 /* YBImageBrowserTipView.m in Sources */ = {isa = PBXBuildFile; fileRef = 23D7BA14213A37DD000A4265 /* YBImageBrowserTipView.m */; };
		23DB0253214F9F300025465F /* MainNavigationController.m in Sources */ = {isa = PBXBuildFile; fileRef = 23DB0252214F9F300025465F /* MainNavigationController.m */; };
		23DEBF4021359B0E00F1177C /* YBVideoBrowseActionBar.m in Sources */ = {isa = PBXBuildFile; fileRef = 23DEBF3F21359B0E00F1177C /* YBVideoBrowseActionBar.m */; };
		23F002602138F3E30094F051 /* YBImage.m in Sources */ = {isa = PBXBuildFile; fileRef = 23F0025F2138F3E30094F051 /* YBImage.m */; };
		23F69F5F2136F63100BEFB9F /* YBIBWebImageManager.m in Sources */ = {isa = PBXBuildFile; fileRef = 23F69F5E2136F63100BEFB9F /* YBIBWebImageManager.m */; };
		23FB26F7213B763C008A4DF6 /* localLongImage1.jpeg in Resources */ = {isa = PBXBuildFile; fileRef = 23FB26F6213B763C008A4DF6 /* localLongImage1.jpeg */; };
		706BF140207CAAB30034663E /* AppDelegate.m in Sources */ = {isa = PBXBuildFile; fileRef = 706BF13F207CAAB30034663E /* AppDelegate.m */; };
		706BF148207CAAB30034663E /* Assets.xcassets in Resources */ = {isa = PBXBuildFile; fileRef = 706BF147207CAAB30034663E /* Assets.xcassets */; };
		706BF14B207CAAB30034663E /* LaunchScreen.storyboard in Resources */ = {isa = PBXBuildFile; fileRef = 706BF149207CAAB30034663E /* LaunchScreen.storyboard */; };
		706BF14E207CAAB30034663E /* main.m in Sources */ = {isa = PBXBuildFile; fileRef = 706BF14D207CAAB30034663E /* main.m */; };
		70A67667207DAFA3000EB602 /* YBIBUtilities.m in Sources */ = {isa = PBXBuildFile; fileRef = 70A67666207DAFA3000EB602 /* YBIBUtilities.m */; };
		70D0FBF92088371B0026D7DE /* localImage8.jpeg in Resources */ = {isa = PBXBuildFile; fileRef = 70D0FBF12088371A0026D7DE /* localImage8.jpeg */; };
		70D0FBFA2088371B0026D7DE /* localImage2.jpeg in Resources */ = {isa = PBXBuildFile; fileRef = 70D0FBF22088371A0026D7DE /* localImage2.jpeg */; };
		70D0FBFB2088371B0026D7DE /* localImage3.jpeg in Resources */ = {isa = PBXBuildFile; fileRef = 70D0FBF32088371A0026D7DE /* localImage3.jpeg */; };
		70D0FBFC2088371B0026D7DE /* localImage1.jpeg in Resources */ = {isa = PBXBuildFile; fileRef = 70D0FBF42088371A0026D7DE /* localImage1.jpeg */; };
		70D0FBFD2088371B0026D7DE /* localImage0.jpeg in Resources */ = {isa = PBXBuildFile; fileRef = 70D0FBF52088371A0026D7DE /* localImage0.jpeg */; };
		70D0FBFE2088371B0026D7DE /* localImage7.jpeg in Resources */ = {isa = PBXBuildFile; fileRef = 70D0FBF62088371A0026D7DE /* localImage7.jpeg */; };
		70D0FBFF2088371B0026D7DE /* localImage4.jpeg in Resources */ = {isa = PBXBuildFile; fileRef = 70D0FBF72088371B0026D7DE /* localImage4.jpeg */; };
		70D0FC002088371B0026D7DE /* localImage6.jpeg in Resources */ = {isa = PBXBuildFile; fileRef = 70D0FBF82088371B0026D7DE /* localImage6.jpeg */; };
		70D0FC04208839550026D7DE /* localImage5.jpeg in Resources */ = {isa = PBXBuildFile; fileRef = 70D0FC03208839550026D7DE /* localImage5.jpeg */; };
		70D0FC0920886DE30026D7DE /* localBigImage0.jpeg in Resources */ = {isa = PBXBuildFile; fileRef = 70D0FC0820886DE30026D7DE /* localBigImage0.jpeg */; };
		B454E29D3983D8A7DEBE5730 /* Pods_YBImageBrowserDemo.framework in Frameworks */ = {isa = PBXBuildFile; fileRef = FD3D3D4051E4334DCB91E8A4 /* Pods_YBImageBrowserDemo.framework */; };
/* End PBXBuildFile section */

/* Begin PBXFileReference section */
		231182E32142730600C569AF /* YBImageBrowser+Internal.h */ = {isa = PBXFileReference; lastKnownFileType = sourcecode.c.h; path = "YBImageBrowser+Internal.h"; sourceTree = "<group>"; };
		2315186B21368D560066A7E2 /* YBIBFileManager.h */ = {isa = PBXFileReference; lastKnownFileType = sourcecode.c.h; path = YBIBFileManager.h; sourceTree = "<group>"; };
		2315186C21368D560066A7E2 /* YBIBFileManager.m */ = {isa = PBXFileReference; lastKnownFileType = sourcecode.c.objc; path = YBIBFileManager.m; sourceTree = "<group>"; };
		231AAD702130D88C00524504 /* YBImageBrowserView.h */ = {isa = PBXFileReference; lastKnownFileType = sourcecode.c.h; path = YBImageBrowserView.h; sourceTree = "<group>"; };
		231AAD712130D88C00524504 /* YBImageBrowserView.m */ = {isa = PBXFileReference; lastKnownFileType = sourcecode.c.objc; path = YBImageBrowserView.m; sourceTree = "<group>"; };
		231AAD732130D91900524504 /* YBImageBrowseCell.h */ = {isa = PBXFileReference; lastKnownFileType = sourcecode.c.h; path = YBImageBrowseCell.h; sourceTree = "<group>"; };
		231AAD742130D91900524504 /* YBImageBrowseCell.m */ = {isa = PBXFileReference; lastKnownFileType = sourcecode.c.objc; path = YBImageBrowseCell.m; sourceTree = "<group>"; };
		231AAD762130DCE200524504 /* YBImageBrowserViewLayout.m */ = {isa = PBXFileReference; fileEncoding = 4; lastKnownFileType = sourcecode.c.objc; path = YBImageBrowserViewLayout.m; sourceTree = "<group>"; };
		231AAD772130DCE200524504 /* YBImageBrowserViewLayout.h */ = {isa = PBXFileReference; fileEncoding = 4; lastKnownFileType = sourcecode.c.h; path = YBImageBrowserViewLayout.h; sourceTree = "<group>"; };
		231AAD872131920F00524504 /* YBImageBrowserCellDataProtocol.h */ = {isa = PBXFileReference; lastKnownFileType = sourcecode.c.h; path = YBImageBrowserCellDataProtocol.h; sourceTree = "<group>"; };
		231AAD882131929700524504 /* YBImageBrowserCellProtocol.h */ = {isa = PBXFileReference; lastKnownFileType = sourcecode.c.h; path = YBImageBrowserCellProtocol.h; sourceTree = "<group>"; };
		231AAD892131990900524504 /* YBImageBrowseCellData.h */ = {isa = PBXFileReference; lastKnownFileType = sourcecode.c.h; path = YBImageBrowseCellData.h; sourceTree = "<group>"; };
		231AAD8A2131990900524504 /* YBImageBrowseCellData.m */ = {isa = PBXFileReference; lastKnownFileType = sourcecode.c.objc; path = YBImageBrowseCellData.m; sourceTree = "<group>"; };
		231AAD8C2131AB0700524504 /* YBImageBrowserDataSource.h */ = {isa = PBXFileReference; lastKnownFileType = sourcecode.c.h; path = YBImageBrowserDataSource.h; sourceTree = "<group>"; };
		231D62C1213D25D6007B9F83 /* YBVideoBrowseCellData+Internal.h */ = {isa = PBXFileReference; lastKnownFileType = sourcecode.c.h; path = "YBVideoBrowseCellData+Internal.h"; sourceTree = "<group>"; };
		231DC2792147E2B7001B026B /* YBIBGestureInteractionProfile.h */ = {isa = PBXFileReference; lastKnownFileType = sourcecode.c.h; path = YBIBGestureInteractionProfile.h; sourceTree = "<group>"; };
		231DC27A2147E2B7001B026B /* YBIBGestureInteractionProfile.m */ = {isa = PBXFileReference; lastKnownFileType = sourcecode.c.objc; path = YBIBGestureInteractionProfile.m; sourceTree = "<group>"; };
		231F6A2A2134E4C50011354C /* YBVideoBrowseCell.h */ = {isa = PBXFileReference; lastKnownFileType = sourcecode.c.h; path = YBVideoBrowseCell.h; sourceTree = "<group>"; };
		231F6A2B2134E4C50011354C /* YBVideoBrowseCell.m */ = {isa = PBXFileReference; lastKnownFileType = sourcecode.c.objc; path = YBVideoBrowseCell.m; sourceTree = "<group>"; };
		231F6A2D2134E4DA0011354C /* YBVideoBrowseCellData.h */ = {isa = PBXFileReference; lastKnownFileType = sourcecode.c.h; path = YBVideoBrowseCellData.h; sourceTree = "<group>"; };
		231F6A2E2134E4DA0011354C /* YBVideoBrowseCellData.m */ = {isa = PBXFileReference; lastKnownFileType = sourcecode.c.objc; path = YBVideoBrowseCellData.m; sourceTree = "<group>"; };
		233167CD214B5260006E6318 /* MainImageCell.h */ = {isa = PBXFileReference; lastKnownFileType = sourcecode.c.h; path = MainImageCell.h; sourceTree = "<group>"; };
		233167CE214B5260006E6318 /* MainImageCell.m */ = {isa = PBXFileReference; lastKnownFileType = sourcecode.c.objc; path = MainImageCell.m; sourceTree = "<group>"; };
		233167CF214B5260006E6318 /* MainImageCell.xib */ = {isa = PBXFileReference; lastKnownFileType = file.xib; path = MainImageCell.xib; sourceTree = "<group>"; };
		23348F212089CBD300E4D524 /* YBImageBrowser.bundle */ = {isa = PBXFileReference; lastKnownFileType = "wrapper.plug-in"; path = YBImageBrowser.bundle; sourceTree = "<group>"; };
		23374E2D213520CE000C6E9D /* YBIBPhotoAlbumManager.h */ = {isa = PBXFileReference; lastKnownFileType = sourcecode.c.h; path = YBIBPhotoAlbumManager.h; sourceTree = "<group>"; };
		23374E2E213520CE000C6E9D /* YBIBPhotoAlbumManager.m */ = {isa = PBXFileReference; lastKnownFileType = sourcecode.c.objc; path = YBIBPhotoAlbumManager.m; sourceTree = "<group>"; };
		2338C3EE213256D90002183E /* CustomCell.h */ = {isa = PBXFileReference; lastKnownFileType = sourcecode.c.h; path = CustomCell.h; sourceTree = "<group>"; };
		2338C3EF213256D90002183E /* CustomCell.m */ = {isa = PBXFileReference; lastKnownFileType = sourcecode.c.objc; path = CustomCell.m; sourceTree = "<group>"; };
		2338C3F3213257190002183E /* CustomCellData.h */ = {isa = PBXFileReference; lastKnownFileType = sourcecode.c.h; path = CustomCellData.h; sourceTree = "<group>"; };
		2338C3F4213257190002183E /* CustomCellData.m */ = {isa = PBXFileReference; lastKnownFileType = sourcecode.c.objc; path = CustomCellData.m; sourceTree = "<group>"; };
		2338C3F6213259AC0002183E /* CustomCell.xib */ = {isa = PBXFileReference; fileEncoding = 4; lastKnownFileType = file.xib; path = CustomCell.xib; sourceTree = "<group>"; };
		2338C3FA213266680002183E /* localGifImage0.gif */ = {isa = PBXFileReference; lastKnownFileType = image.gif; path = localGifImage0.gif; sourceTree = "<group>"; };
		2338C4022132869A0002183E /* localLongImage0.jpeg */ = {isa = PBXFileReference; lastKnownFileType = image.jpeg; path = localLongImage0.jpeg; sourceTree = "<group>"; };
		23562B8D2202986A00B4E9C2 /* localBigImage1.jpg */ = {isa = PBXFileReference; lastKnownFileType = image.jpeg; path = localBigImage1.jpg; sourceTree = "<group>"; };
		2357955D214A5C5500AD685B /* YBIBCopywriter.h */ = {isa = PBXFileReference; lastKnownFileType = sourcecode.c.h; path = YBIBCopywriter.h; sourceTree = "<group>"; };
		2357955E214A5C5500AD685B /* YBIBCopywriter.m */ = {isa = PBXFileReference; lastKnownFileType = sourcecode.c.objc; path = YBIBCopywriter.m; sourceTree = "<group>"; };
		235B98EF213512E00022815A /* video0.MP4 */ = {isa = PBXFileReference; lastKnownFileType = file; path = video0.MP4; sourceTree = "<group>"; };
		236D18DE216F0EEF00DB3009 /* localGifImage1.gif */ = {isa = PBXFileReference; lastKnownFileType = image.gif; path = localGifImage1.gif; sourceTree = "<group>"; };
		236D1B04214A858700290B8C /* MainViewController.h */ = {isa = PBXFileReference; lastKnownFileType = sourcecode.c.h; path = MainViewController.h; sourceTree = "<group>"; };
		236D1B05214A858700290B8C /* MainViewController.m */ = {isa = PBXFileReference; lastKnownFileType = sourcecode.c.objc; path = MainViewController.m; sourceTree = "<group>"; };
		237844342148BFC00037319E /* YBImageBrowserToolBarProtocol.h */ = {isa = PBXFileReference; lastKnownFileType = sourcecode.c.h; path = YBImageBrowserToolBarProtocol.h; sourceTree = "<group>"; };
		237844352148C0AC0037319E /* YBImageBrowserToolBar.h */ = {isa = PBXFileReference; lastKnownFileType = sourcecode.c.h; path = YBImageBrowserToolBar.h; sourceTree = "<group>"; };
		237844362148C0AC0037319E /* YBImageBrowserToolBar.m */ = {isa = PBXFileReference; lastKnownFileType = sourcecode.c.objc; path = YBImageBrowserToolBar.m; sourceTree = "<group>"; };
		237844382148FC5B0037319E /* YBImageBrowserSheetView.h */ = {isa = PBXFileReference; lastKnownFileType = sourcecode.c.h; path = YBImageBrowserSheetView.h; sourceTree = "<group>"; };
		237844392148FC5B0037319E /* YBImageBrowserSheetView.m */ = {isa = PBXFileReference; lastKnownFileType = sourcecode.c.objc; path = YBImageBrowserSheetView.m; sourceTree = "<group>"; };
		2378443B2149087D0037319E /* YBImageBrowserSheetViewProtocol.h */ = {isa = PBXFileReference; lastKnownFileType = sourcecode.c.h; path = YBImageBrowserSheetViewProtocol.h; sourceTree = "<group>"; };
		238619A1212FB62E00A4F810 /* YBImageBrowser.h */ = {isa = PBXFileReference; lastKnownFileType = sourcecode.c.h; path = YBImageBrowser.h; sourceTree = "<group>"; };
		238619A2212FB62E00A4F810 /* YBImageBrowser.m */ = {isa = PBXFileReference; lastKnownFileType = sourcecode.c.objc; path = YBImageBrowser.m; sourceTree = "<group>"; };
		238AC79E213E89B400F2740D /* YBIBTransitionManager.h */ = {isa = PBXFileReference; lastKnownFileType = sourcecode.c.h; path = YBIBTransitionManager.h; sourceTree = "<group>"; };
		238AC79F213E89B400F2740D /* YBIBTransitionManager.m */ = {isa = PBXFileReference; lastKnownFileType = sourcecode.c.objc; path = YBIBTransitionManager.m; sourceTree = "<group>"; };
		238D4F4C21461C0300013E50 /* YBImageBrowserDelegate.h */ = {isa = PBXFileReference; lastKnownFileType = sourcecode.c.h; path = YBImageBrowserDelegate.h; sourceTree = "<group>"; };
		238D4F4E2146686C00013E50 /* YBVideoBrowseTopBar.h */ = {isa = PBXFileReference; lastKnownFileType = sourcecode.c.h; path = YBVideoBrowseTopBar.h; sourceTree = "<group>"; };
		238D4F4F2146686C00013E50 /* YBVideoBrowseTopBar.m */ = {isa = PBXFileReference; lastKnownFileType = sourcecode.c.objc; path = YBVideoBrowseTopBar.m; sourceTree = "<group>"; };
		23A430C6214FF2E300277BD8 /* YBIBLayoutDirectionManager.m */ = {isa = PBXFileReference; fileEncoding = 4; lastKnownFileType = sourcecode.c.objc; path = YBIBLayoutDirectionManager.m; sourceTree = "<group>"; };
		23D44675213A602400D03DD5 /* YBImageBrowserProgressView.h */ = {isa = PBXFileReference; lastKnownFileType = sourcecode.c.h; path = YBImageBrowserProgressView.h; sourceTree = "<group>"; };
		23D44676213A602400D03DD5 /* YBImageBrowserProgressView.m */ = {isa = PBXFileReference; lastKnownFileType = sourcecode.c.objc; path = YBImageBrowserProgressView.m; sourceTree = "<group>"; };
		23D7BA13213A37DD000A4265 /* YBImageBrowserTipView.h */ = {isa = PBXFileReference; lastKnownFileType = sourcecode.c.h; path = YBImageBrowserTipView.h; sourceTree = "<group>"; };
		23D7BA14213A37DD000A4265 /* YBImageBrowserTipView.m */ = {isa = PBXFileReference; lastKnownFileType = sourcecode.c.objc; path = YBImageBrowserTipView.m; sourceTree = "<group>"; };
		23DB0251214F9F300025465F /* MainNavigationController.h */ = {isa = PBXFileReference; lastKnownFileType = sourcecode.c.h; path = MainNavigationController.h; sourceTree = "<group>"; };
		23DB0252214F9F300025465F /* MainNavigationController.m */ = {isa = PBXFileReference; lastKnownFileType = sourcecode.c.objc; path = MainNavigationController.m; sourceTree = "<group>"; };
		23DEBF3E21359B0E00F1177C /* YBVideoBrowseActionBar.h */ = {isa = PBXFileReference; lastKnownFileType = sourcecode.c.h; path = YBVideoBrowseActionBar.h; sourceTree = "<group>"; };
		23DEBF3F21359B0E00F1177C /* YBVideoBrowseActionBar.m */ = {isa = PBXFileReference; lastKnownFileType = sourcecode.c.objc; path = YBVideoBrowseActionBar.m; sourceTree = "<group>"; };
		23F0025E2138F3E30094F051 /* YBImage.h */ = {isa = PBXFileReference; lastKnownFileType = sourcecode.c.h; path = YBImage.h; sourceTree = "<group>"; };
		23F0025F2138F3E30094F051 /* YBImage.m */ = {isa = PBXFileReference; lastKnownFileType = sourcecode.c.objc; path = YBImage.m; sourceTree = "<group>"; };
		23F2322E214FE74C007F20C5 /* YBIBLayoutDirectionManager.h */ = {isa = PBXFileReference; fileEncoding = 4; lastKnownFileType = sourcecode.c.h; path = YBIBLayoutDirectionManager.h; sourceTree = "<group>"; };
		23F69F5D2136F63100BEFB9F /* YBIBWebImageManager.h */ = {isa = PBXFileReference; lastKnownFileType = sourcecode.c.h; path = YBIBWebImageManager.h; sourceTree = "<group>"; };
		23F69F5E2136F63100BEFB9F /* YBIBWebImageManager.m */ = {isa = PBXFileReference; lastKnownFileType = sourcecode.c.objc; path = YBIBWebImageManager.m; sourceTree = "<group>"; };
		23FB26F6213B763C008A4DF6 /* localLongImage1.jpeg */ = {isa = PBXFileReference; lastKnownFileType = image.jpeg; path = localLongImage1.jpeg; sourceTree = "<group>"; };
		23FB26FA213B8B5E008A4DF6 /* YBImageBrowseCellData+Internal.h */ = {isa = PBXFileReference; lastKnownFileType = sourcecode.c.h; path = "YBImageBrowseCellData+Internal.h"; sourceTree = "<group>"; };
		706BF13B207CAAB30034663E /* YBImageBrowserDemo.app */ = {isa = PBXFileReference; explicitFileType = wrapper.application; includeInIndex = 0; path = YBImageBrowserDemo.app; sourceTree = BUILT_PRODUCTS_DIR; };
		706BF13E207CAAB30034663E /* AppDelegate.h */ = {isa = PBXFileReference; lastKnownFileType = sourcecode.c.h; path = AppDelegate.h; sourceTree = "<group>"; };
		706BF13F207CAAB30034663E /* AppDelegate.m */ = {isa = PBXFileReference; lastKnownFileType = sourcecode.c.objc; path = AppDelegate.m; sourceTree = "<group>"; };
		706BF147207CAAB30034663E /* Assets.xcassets */ = {isa = PBXFileReference; lastKnownFileType = folder.assetcatalog; path = Assets.xcassets; sourceTree = "<group>"; };
		706BF14A207CAAB30034663E /* Base */ = {isa = PBXFileReference; lastKnownFileType = file.storyboard; name = Base; path = Base.lproj/LaunchScreen.storyboard; sourceTree = "<group>"; };
		706BF14C207CAAB30034663E /* Info.plist */ = {isa = PBXFileReference; lastKnownFileType = text.plist.xml; path = Info.plist; sourceTree = "<group>"; };
		706BF14D207CAAB30034663E /* main.m */ = {isa = PBXFileReference; lastKnownFileType = sourcecode.c.objc; path = main.m; sourceTree = "<group>"; };
		70A67665207DAFA3000EB602 /* YBIBUtilities.h */ = {isa = PBXFileReference; lastKnownFileType = sourcecode.c.h; path = YBIBUtilities.h; sourceTree = "<group>"; };
		70A67666207DAFA3000EB602 /* YBIBUtilities.m */ = {isa = PBXFileReference; lastKnownFileType = sourcecode.c.objc; path = YBIBUtilities.m; sourceTree = "<group>"; };
		70D0FBF12088371A0026D7DE /* localImage8.jpeg */ = {isa = PBXFileReference; lastKnownFileType = image.jpeg; path = localImage8.jpeg; sourceTree = "<group>"; };
		70D0FBF22088371A0026D7DE /* localImage2.jpeg */ = {isa = PBXFileReference; lastKnownFileType = image.jpeg; path = localImage2.jpeg; sourceTree = "<group>"; };
		70D0FBF32088371A0026D7DE /* localImage3.jpeg */ = {isa = PBXFileReference; lastKnownFileType = image.jpeg; path = localImage3.jpeg; sourceTree = "<group>"; };
		70D0FBF42088371A0026D7DE /* localImage1.jpeg */ = {isa = PBXFileReference; lastKnownFileType = image.jpeg; path = localImage1.jpeg; sourceTree = "<group>"; };
		70D0FBF52088371A0026D7DE /* localImage0.jpeg */ = {isa = PBXFileReference; lastKnownFileType = image.jpeg; path = localImage0.jpeg; sourceTree = "<group>"; };
		70D0FBF62088371A0026D7DE /* localImage7.jpeg */ = {isa = PBXFileReference; lastKnownFileType = image.jpeg; path = localImage7.jpeg; sourceTree = "<group>"; };
		70D0FBF72088371B0026D7DE /* localImage4.jpeg */ = {isa = PBXFileReference; lastKnownFileType = image.jpeg; path = localImage4.jpeg; sourceTree = "<group>"; };
		70D0FBF82088371B0026D7DE /* localImage6.jpeg */ = {isa = PBXFileReference; lastKnownFileType = image.jpeg; path = localImage6.jpeg; sourceTree = "<group>"; };
		70D0FC03208839550026D7DE /* localImage5.jpeg */ = {isa = PBXFileReference; lastKnownFileType = image.jpeg; path = localImage5.jpeg; sourceTree = "<group>"; };
		70D0FC0820886DE30026D7DE /* localBigImage0.jpeg */ = {isa = PBXFileReference; lastKnownFileType = image.jpeg; path = localBigImage0.jpeg; sourceTree = "<group>"; };
		B7388A27B4CDF81F1636CB45 /* Pods-YBImageBrowserDemo.debug.xcconfig */ = {isa = PBXFileReference; includeInIndex = 1; lastKnownFileType = text.xcconfig; name = "Pods-YBImageBrowserDemo.debug.xcconfig"; path = "Pods/Target Support Files/Pods-YBImageBrowserDemo/Pods-YBImageBrowserDemo.debug.xcconfig"; sourceTree = "<group>"; };
		FD3D3D4051E4334DCB91E8A4 /* Pods_YBImageBrowserDemo.framework */ = {isa = PBXFileReference; explicitFileType = wrapper.framework; includeInIndex = 0; path = Pods_YBImageBrowserDemo.framework; sourceTree = BUILT_PRODUCTS_DIR; };
		FF7A9D2ED33D23814BE790C3 /* Pods-YBImageBrowserDemo.release.xcconfig */ = {isa = PBXFileReference; includeInIndex = 1; lastKnownFileType = text.xcconfig; name = "Pods-YBImageBrowserDemo.release.xcconfig"; path = "Pods/Target Support Files/Pods-YBImageBrowserDemo/Pods-YBImageBrowserDemo.release.xcconfig"; sourceTree = "<group>"; };
/* End PBXFileReference section */

/* Begin PBXFrameworksBuildPhase section */
		706BF138207CAAB30034663E /* Frameworks */ = {
			isa = PBXFrameworksBuildPhase;
			buildActionMask = 2147483647;
			files = (
				B454E29D3983D8A7DEBE5730 /* Pods_YBImageBrowserDemo.framework in Frameworks */,
			);
			runOnlyForDeploymentPostprocessing = 0;
		};
/* End PBXFrameworksBuildPhase section */

/* Begin PBXGroup section */
		2338C3F82132640F0002183E /* Protocol */ = {
			isa = PBXGroup;
			children = (
				238D4F4C21461C0300013E50 /* YBImageBrowserDelegate.h */,
				231AAD8C2131AB0700524504 /* YBImageBrowserDataSource.h */,
				231AAD872131920F00524504 /* YBImageBrowserCellDataProtocol.h */,
				231AAD882131929700524504 /* YBImageBrowserCellProtocol.h */,
				237844342148BFC00037319E /* YBImageBrowserToolBarProtocol.h */,
				2378443B2149087D0037319E /* YBImageBrowserSheetViewProtocol.h */,
			);
			path = Protocol;
			sourceTree = "<group>";
		};
		2338C3F9213264200002183E /* ImageBrowse */ = {
			isa = PBXGroup;
			children = (
				231AAD732130D91900524504 /* YBImageBrowseCell.h */,
				231AAD742130D91900524504 /* YBImageBrowseCell.m */,
				231AAD892131990900524504 /* YBImageBrowseCellData.h */,
				231AAD8A2131990900524504 /* YBImageBrowseCellData.m */,
				23FB26FA213B8B5E008A4DF6 /* YBImageBrowseCellData+Internal.h */,
				23F0025E2138F3E30094F051 /* YBImage.h */,
				23F0025F2138F3E30094F051 /* YBImage.m */,
			);
			path = ImageBrowse;
			sourceTree = "<group>";
		};
		2398221120820D2A00086EEF /* Helper */ = {
			isa = PBXGroup;
			children = (
				70A67665207DAFA3000EB602 /* YBIBUtilities.h */,
				70A67666207DAFA3000EB602 /* YBIBUtilities.m */,
				23374E2D213520CE000C6E9D /* YBIBPhotoAlbumManager.h */,
				23374E2E213520CE000C6E9D /* YBIBPhotoAlbumManager.m */,
				23F2322E214FE74C007F20C5 /* YBIBLayoutDirectionManager.h */,
				23A430C6214FF2E300277BD8 /* YBIBLayoutDirectionManager.m */,
				2315186B21368D560066A7E2 /* YBIBFileManager.h */,
				2315186C21368D560066A7E2 /* YBIBFileManager.m */,
				23F69F5D2136F63100BEFB9F /* YBIBWebImageManager.h */,
				23F69F5E2136F63100BEFB9F /* YBIBWebImageManager.m */,
				238AC79E213E89B400F2740D /* YBIBTransitionManager.h */,
				238AC79F213E89B400F2740D /* YBIBTransitionManager.m */,
				231DC2792147E2B7001B026B /* YBIBGestureInteractionProfile.h */,
				231DC27A2147E2B7001B026B /* YBIBGestureInteractionProfile.m */,
				2357955D214A5C5500AD685B /* YBIBCopywriter.h */,
				2357955E214A5C5500AD685B /* YBIBCopywriter.m */,
			);
			path = Helper;
			sourceTree = "<group>";
		};
		239D40082134E08300B00990 /* VideoBrowse */ = {
			isa = PBXGroup;
			children = (
				231F6A2A2134E4C50011354C /* YBVideoBrowseCell.h */,
				231F6A2B2134E4C50011354C /* YBVideoBrowseCell.m */,
				231F6A2D2134E4DA0011354C /* YBVideoBrowseCellData.h */,
				231F6A2E2134E4DA0011354C /* YBVideoBrowseCellData.m */,
				231D62C1213D25D6007B9F83 /* YBVideoBrowseCellData+Internal.h */,
				23DEBF3E21359B0E00F1177C /* YBVideoBrowseActionBar.h */,
				23DEBF3F21359B0E00F1177C /* YBVideoBrowseActionBar.m */,
				238D4F4E2146686C00013E50 /* YBVideoBrowseTopBar.h */,
				238D4F4F2146686C00013E50 /* YBVideoBrowseTopBar.m */,
			);
			path = VideoBrowse;
			sourceTree = "<group>";
		};
		239D40092134E0C900B00990 /* Base */ = {
			isa = PBXGroup;
			children = (
				231AAD702130D88C00524504 /* YBImageBrowserView.h */,
				231AAD712130D88C00524504 /* YBImageBrowserView.m */,
				231AAD772130DCE200524504 /* YBImageBrowserViewLayout.h */,
				231AAD762130DCE200524504 /* YBImageBrowserViewLayout.m */,
				231182E32142730600C569AF /* YBImageBrowser+Internal.h */,
			);
			path = Base;
			sourceTree = "<group>";
		};
		23D7BA12213A3781000A4265 /* AuxiliaryView */ = {
			isa = PBXGroup;
			children = (
				23D7BA13213A37DD000A4265 /* YBImageBrowserTipView.h */,
				23D7BA14213A37DD000A4265 /* YBImageBrowserTipView.m */,
				23D44675213A602400D03DD5 /* YBImageBrowserProgressView.h */,
				23D44676213A602400D03DD5 /* YBImageBrowserProgressView.m */,
				237844352148C0AC0037319E /* YBImageBrowserToolBar.h */,
				237844362148C0AC0037319E /* YBImageBrowserToolBar.m */,
				237844382148FC5B0037319E /* YBImageBrowserSheetView.h */,
				237844392148FC5B0037319E /* YBImageBrowserSheetView.m */,
			);
			path = AuxiliaryView;
			sourceTree = "<group>";
		};
		60CB5F15B3CFF1B885DEF91B /* Pods */ = {
			isa = PBXGroup;
			children = (
				B7388A27B4CDF81F1636CB45 /* Pods-YBImageBrowserDemo.debug.xcconfig */,
				FF7A9D2ED33D23814BE790C3 /* Pods-YBImageBrowserDemo.release.xcconfig */,
			);
			name = Pods;
			sourceTree = "<group>";
		};
		706BF132207CAAB20034663E = {
			isa = PBXGroup;
			children = (
				706BF13D207CAAB30034663E /* YBImageBrowserDemo */,
				706BF13C207CAAB30034663E /* Products */,
				60CB5F15B3CFF1B885DEF91B /* Pods */,
				E891A8ECF05E69B092BE9682 /* Frameworks */,
			);
			sourceTree = "<group>";
		};
		706BF13C207CAAB30034663E /* Products */ = {
			isa = PBXGroup;
			children = (
				706BF13B207CAAB30034663E /* YBImageBrowserDemo.app */,
			);
			name = Products;
			sourceTree = "<group>";
		};
		706BF13D207CAAB30034663E /* YBImageBrowserDemo */ = {
			isa = PBXGroup;
			children = (
				706BF154207CAAD80034663E /* YBImageBrowser */,
				70D0FBEE20882E510026D7DE /* UseCase */,
				70D0FBEF20882E5F0026D7DE /* Other */,
				706BF147207CAAB30034663E /* Assets.xcassets */,
			);
			path = YBImageBrowserDemo;
			sourceTree = "<group>";
		};
		706BF154207CAAD80034663E /* YBImageBrowser */ = {
			isa = PBXGroup;
			children = (
				23348F212089CBD300E4D524 /* YBImageBrowser.bundle */,
				23D7BA12213A3781000A4265 /* AuxiliaryView */,
				239D40092134E0C900B00990 /* Base */,
				239D40082134E08300B00990 /* VideoBrowse */,
				2338C3F9213264200002183E /* ImageBrowse */,
				2338C3F82132640F0002183E /* Protocol */,
				2398221120820D2A00086EEF /* Helper */,
				238619A1212FB62E00A4F810 /* YBImageBrowser.h */,
				238619A2212FB62E00A4F810 /* YBImageBrowser.m */,
			);
			path = YBImageBrowser;
			sourceTree = SOURCE_ROOT;
		};
		70D0FBEE20882E510026D7DE /* UseCase */ = {
			isa = PBXGroup;
			children = (
				70D0FBF020882F430026D7DE /* LocalFiles */,
				236D1B04214A858700290B8C /* MainViewController.h */,
				236D1B05214A858700290B8C /* MainViewController.m */,
				233167CD214B5260006E6318 /* MainImageCell.h */,
				233167CE214B5260006E6318 /* MainImageCell.m */,
				233167CF214B5260006E6318 /* MainImageCell.xib */,
				2338C3EE213256D90002183E /* CustomCell.h */,
				2338C3EF213256D90002183E /* CustomCell.m */,
				2338C3F6213259AC0002183E /* CustomCell.xib */,
				2338C3F3213257190002183E /* CustomCellData.h */,
				2338C3F4213257190002183E /* CustomCellData.m */,
			);
			path = UseCase;
			sourceTree = "<group>";
		};
		70D0FBEF20882E5F0026D7DE /* Other */ = {
			isa = PBXGroup;
			children = (
				706BF13E207CAAB30034663E /* AppDelegate.h */,
				706BF13F207CAAB30034663E /* AppDelegate.m */,
				23DB0251214F9F300025465F /* MainNavigationController.h */,
				23DB0252214F9F300025465F /* MainNavigationController.m */,
				706BF149207CAAB30034663E /* LaunchScreen.storyboard */,
				706BF14C207CAAB30034663E /* Info.plist */,
				706BF14D207CAAB30034663E /* main.m */,
			);
			name = Other;
			sourceTree = "<group>";
		};
		70D0FBF020882F430026D7DE /* LocalFiles */ = {
			isa = PBXGroup;
			children = (
				235B98EF213512E00022815A /* video0.MP4 */,
				2338C4022132869A0002183E /* localLongImage0.jpeg */,
				23FB26F6213B763C008A4DF6 /* localLongImage1.jpeg */,
				2338C3FA213266680002183E /* localGifImage0.gif */,
				236D18DE216F0EEF00DB3009 /* localGifImage1.gif */,
				70D0FC0820886DE30026D7DE /* localBigImage0.jpeg */,
				23562B8D2202986A00B4E9C2 /* localBigImage1.jpg */,
				70D0FBF52088371A0026D7DE /* localImage0.jpeg */,
				70D0FBF42088371A0026D7DE /* localImage1.jpeg */,
				70D0FBF22088371A0026D7DE /* localImage2.jpeg */,
				70D0FBF32088371A0026D7DE /* localImage3.jpeg */,
				70D0FBF72088371B0026D7DE /* localImage4.jpeg */,
				70D0FC03208839550026D7DE /* localImage5.jpeg */,
				70D0FBF82088371B0026D7DE /* localImage6.jpeg */,
				70D0FBF62088371A0026D7DE /* localImage7.jpeg */,
				70D0FBF12088371A0026D7DE /* localImage8.jpeg */,
			);
			path = LocalFiles;
			sourceTree = "<group>";
		};
		E891A8ECF05E69B092BE9682 /* Frameworks */ = {
			isa = PBXGroup;
			children = (
				FD3D3D4051E4334DCB91E8A4 /* Pods_YBImageBrowserDemo.framework */,
			);
			name = Frameworks;
			sourceTree = "<group>";
		};
/* End PBXGroup section */

/* Begin PBXNativeTarget section */
		706BF13A207CAAB30034663E /* YBImageBrowserDemo */ = {
			isa = PBXNativeTarget;
			buildConfigurationList = 706BF151207CAAB30034663E /* Build configuration list for PBXNativeTarget "YBImageBrowserDemo" */;
			buildPhases = (
				BC70BC1292F4D50DE683DE8C /* [CP] Check Pods Manifest.lock */,
				706BF137207CAAB30034663E /* Sources */,
				706BF138207CAAB30034663E /* Frameworks */,
				706BF139207CAAB30034663E /* Resources */,
				D4E3D03BE78EB1DAAE1E621E /* [CP] Embed Pods Frameworks */,
			);
			buildRules = (
			);
			dependencies = (
			);
			name = YBImageBrowserDemo;
			productName = YBImageBrowserDemo;
			productReference = 706BF13B207CAAB30034663E /* YBImageBrowserDemo.app */;
			productType = "com.apple.product-type.application";
		};
/* End PBXNativeTarget section */

/* Begin PBXProject section */
		706BF133207CAAB20034663E /* Project object */ = {
			isa = PBXProject;
			attributes = {
				LastUpgradeCheck = 0920;
				ORGANIZATIONNAME = "杨波";
				TargetAttributes = {
					706BF13A207CAAB30034663E = {
						CreatedOnToolsVersion = 9.2;
						ProvisioningStyle = Automatic;
					};
				};
			};
			buildConfigurationList = 706BF136207CAAB20034663E /* Build configuration list for PBXProject "YBImageBrowserDemo" */;
			compatibilityVersion = "Xcode 8.0";
			developmentRegion = en;
			hasScannedForEncodings = 0;
			knownRegions = (
				en,
				Base,
			);
			mainGroup = 706BF132207CAAB20034663E;
			productRefGroup = 706BF13C207CAAB30034663E /* Products */;
			projectDirPath = "";
			projectRoot = "";
			targets = (
				706BF13A207CAAB30034663E /* YBImageBrowserDemo */,
			);
		};
/* End PBXProject section */

/* Begin PBXResourcesBuildPhase section */
		706BF139207CAAB30034663E /* Resources */ = {
			isa = PBXResourcesBuildPhase;
			buildActionMask = 2147483647;
			files = (
				706BF14B207CAAB30034663E /* LaunchScreen.storyboard in Resources */,
				70D0FBFE2088371B0026D7DE /* localImage7.jpeg in Resources */,
				706BF148207CAAB30034663E /* Assets.xcassets in Resources */,
				23FB26F7213B763C008A4DF6 /* localLongImage1.jpeg in Resources */,
				70D0FC04208839550026D7DE /* localImage5.jpeg in Resources */,
				70D0FBFB2088371B0026D7DE /* localImage3.jpeg in Resources */,
				70D0FBFF2088371B0026D7DE /* localImage4.jpeg in Resources */,
				70D0FBFD2088371B0026D7DE /* localImage0.jpeg in Resources */,
				23562B8E2202986A00B4E9C2 /* localBigImage1.jpg in Resources */,
				70D0FBFA2088371B0026D7DE /* localImage2.jpeg in Resources */,
				70D0FC0920886DE30026D7DE /* localBigImage0.jpeg in Resources */,
				2338C3F7213259AC0002183E /* CustomCell.xib in Resources */,
				2338C4042132869A0002183E /* localLongImage0.jpeg in Resources */,
				2338C3FB213266690002183E /* localGifImage0.gif in Resources */,
				23348F222089CBD300E4D524 /* YBImageBrowser.bundle in Resources */,
				70D0FC002088371B0026D7DE /* localImage6.jpeg in Resources */,
				235B98F0213512E00022815A /* video0.MP4 in Resources */,
				70D0FBF92088371B0026D7DE /* localImage8.jpeg in Resources */,
				233167D1214B5260006E6318 /* MainImageCell.xib in Resources */,
				70D0FBFC2088371B0026D7DE /* localImage1.jpeg in Resources */,
				236D18DF216F0EEF00DB3009 /* localGifImage1.gif in Resources */,
			);
			runOnlyForDeploymentPostprocessing = 0;
		};
/* End PBXResourcesBuildPhase section */

/* Begin PBXShellScriptBuildPhase section */
		BC70BC1292F4D50DE683DE8C /* [CP] Check Pods Manifest.lock */ = {
			isa = PBXShellScriptBuildPhase;
			buildActionMask = 2147483647;
			files = (
			);
			inputPaths = (
				"${PODS_PODFILE_DIR_PATH}/Podfile.lock",
				"${PODS_ROOT}/Manifest.lock",
			);
			name = "[CP] Check Pods Manifest.lock";
			outputPaths = (
				"$(DERIVED_FILE_DIR)/Pods-YBImageBrowserDemo-checkManifestLockResult.txt",
			);
			runOnlyForDeploymentPostprocessing = 0;
			shellPath = /bin/sh;
			shellScript = "diff \"${PODS_PODFILE_DIR_PATH}/Podfile.lock\" \"${PODS_ROOT}/Manifest.lock\" > /dev/null\nif [ $? != 0 ] ; then\n    # print error to STDERR\n    echo \"error: The sandbox is not in sync with the Podfile.lock. Run 'pod install' or update your CocoaPods installation.\" >&2\n    exit 1\nfi\n# This output is used by Xcode 'outputs' to avoid re-running this script phase.\necho \"SUCCESS\" > \"${SCRIPT_OUTPUT_FILE_0}\"\n";
			showEnvVarsInLog = 0;
		};
		D4E3D03BE78EB1DAAE1E621E /* [CP] Embed Pods Frameworks */ = {
			isa = PBXShellScriptBuildPhase;
			buildActionMask = 2147483647;
			files = (
			);
			inputPaths = (
				"${SRCROOT}/Pods/Target Support Files/Pods-YBImageBrowserDemo/Pods-YBImageBrowserDemo-frameworks.sh",
				"${BUILT_PRODUCTS_DIR}/SDWebImage/SDWebImage.framework",
				"${BUILT_PRODUCTS_DIR}/YYImage/YYImage.framework",
			);
			name = "[CP] Embed Pods Frameworks";
			outputPaths = (
				"${TARGET_BUILD_DIR}/${FRAMEWORKS_FOLDER_PATH}/SDWebImage.framework",
				"${TARGET_BUILD_DIR}/${FRAMEWORKS_FOLDER_PATH}/YYImage.framework",
			);
			runOnlyForDeploymentPostprocessing = 0;
			shellPath = /bin/sh;
			shellScript = "\"${SRCROOT}/Pods/Target Support Files/Pods-YBImageBrowserDemo/Pods-YBImageBrowserDemo-frameworks.sh\"\n";
			showEnvVarsInLog = 0;
		};
/* End PBXShellScriptBuildPhase section */

/* Begin PBXSourcesBuildPhase section */
		706BF137207CAAB30034663E /* Sources */ = {
			isa = PBXSourcesBuildPhase;
			buildActionMask = 2147483647;
			files = (
				231F6A2F2134E4DA0011354C /* YBVideoBrowseCellData.m in Sources */,
				23D44677213A602400D03DD5 /* YBImageBrowserProgressView.m in Sources */,
				238D4F502146686C00013E50 /* YBVideoBrowseTopBar.m in Sources */,
				231AAD722130D88C00524504 /* YBImageBrowserView.m in Sources */,
				231AAD752130D91900524504 /* YBImageBrowseCell.m in Sources */,
				23DB0253214F9F300025465F /* MainNavigationController.m in Sources */,
				2338C3F1213256D90002183E /* CustomCell.m in Sources */,
				231F6A2C2134E4C50011354C /* YBVideoBrowseCell.m in Sources */,
				23A430C7214FF2E300277BD8 /* YBIBLayoutDirectionManager.m in Sources */,
				231AAD782130DCE300524504 /* YBImageBrowserViewLayout.m in Sources */,
				2315186D21368D570066A7E2 /* YBIBFileManager.m in Sources */,
				233167D0214B5260006E6318 /* MainImageCell.m in Sources */,
				23F002602138F3E30094F051 /* YBImage.m in Sources */,
				238619A3212FB62E00A4F810 /* YBImageBrowser.m in Sources */,
				2357955F214A5C5500AD685B /* YBIBCopywriter.m in Sources */,
				236D1B06214A858700290B8C /* MainViewController.m in Sources */,
				23F69F5F2136F63100BEFB9F /* YBIBWebImageManager.m in Sources */,
				2338C3F5213257190002183E /* CustomCellData.m in Sources */,
				706BF14E207CAAB30034663E /* main.m in Sources */,
				23374E2F213520CE000C6E9D /* YBIBPhotoAlbumManager.m in Sources */,
				238AC7A0213E89B400F2740D /* YBIBTransitionManager.m in Sources */,
				231DC27B2147E2B7001B026B /* YBIBGestureInteractionProfile.m in Sources */,
				23D7BA15213A37DD000A4265 /* YBImageBrowserTipView.m in Sources */,
				706BF140207CAAB30034663E /* AppDelegate.m in Sources */,
				237844372148C0AC0037319E /* YBImageBrowserToolBar.m in Sources */,
				70A67667207DAFA3000EB602 /* YBIBUtilities.m in Sources */,
				231AAD8B2131990900524504 /* YBImageBrowseCellData.m in Sources */,
				23DEBF4021359B0E00F1177C /* YBVideoBrowseActionBar.m in Sources */,
				2378443A2148FC5B0037319E /* YBImageBrowserSheetView.m in Sources */,
			);
			runOnlyForDeploymentPostprocessing = 0;
		};
/* End PBXSourcesBuildPhase section */

/* Begin PBXVariantGroup section */
		706BF149207CAAB30034663E /* LaunchScreen.storyboard */ = {
			isa = PBXVariantGroup;
			children = (
				706BF14A207CAAB30034663E /* Base */,
			);
			name = LaunchScreen.storyboard;
			sourceTree = "<group>";
		};
/* End PBXVariantGroup section */

/* Begin XCBuildConfiguration section */
		706BF14F207CAAB30034663E /* Debug */ = {
			isa = XCBuildConfiguration;
			buildSettings = {
				ALWAYS_SEARCH_USER_PATHS = NO;
				CLANG_ANALYZER_NONNULL = YES;
				CLANG_ANALYZER_NUMBER_OBJECT_CONVERSION = YES_AGGRESSIVE;
				CLANG_CXX_LANGUAGE_STANDARD = "gnu++14";
				CLANG_CXX_LIBRARY = "libc++";
				CLANG_ENABLE_MODULES = YES;
				CLANG_ENABLE_OBJC_ARC = YES;
				CLANG_WARN_BLOCK_CAPTURE_AUTORELEASING = YES;
				CLANG_WARN_BOOL_CONVERSION = YES;
				CLANG_WARN_COMMA = YES;
				CLANG_WARN_CONSTANT_CONVERSION = YES;
				CLANG_WARN_DIRECT_OBJC_ISA_USAGE = YES_ERROR;
				CLANG_WARN_DOCUMENTATION_COMMENTS = YES;
				CLANG_WARN_EMPTY_BODY = YES;
				CLANG_WARN_ENUM_CONVERSION = YES;
				CLANG_WARN_INFINITE_RECURSION = YES;
				CLANG_WARN_INT_CONVERSION = YES;
				CLANG_WARN_NON_LITERAL_NULL_CONVERSION = YES;
				CLANG_WARN_OBJC_LITERAL_CONVERSION = YES;
				CLANG_WARN_OBJC_ROOT_CLASS = YES_ERROR;
				CLANG_WARN_RANGE_LOOP_ANALYSIS = YES;
				CLANG_WARN_STRICT_PROTOTYPES = YES;
				CLANG_WARN_SUSPICIOUS_MOVE = YES;
				CLANG_WARN_UNGUARDED_AVAILABILITY = YES_AGGRESSIVE;
				CLANG_WARN_UNREACHABLE_CODE = YES;
				CLANG_WARN__DUPLICATE_METHOD_MATCH = YES;
				CODE_SIGN_IDENTITY = "iPhone Developer";
				COPY_PHASE_STRIP = NO;
				DEBUG_INFORMATION_FORMAT = dwarf;
				ENABLE_STRICT_OBJC_MSGSEND = YES;
				ENABLE_TESTABILITY = YES;
				GCC_C_LANGUAGE_STANDARD = gnu11;
				GCC_DYNAMIC_NO_PIC = NO;
				GCC_NO_COMMON_BLOCKS = YES;
				GCC_OPTIMIZATION_LEVEL = 0;
				GCC_PREPROCESSOR_DEFINITIONS = (
					"DEBUG=1",
					"$(inherited)",
				);
				GCC_WARN_64_TO_32_BIT_CONVERSION = YES;
				GCC_WARN_ABOUT_RETURN_TYPE = YES_ERROR;
				GCC_WARN_UNDECLARED_SELECTOR = YES;
				GCC_WARN_UNINITIALIZED_AUTOS = YES_AGGRESSIVE;
				GCC_WARN_UNUSED_FUNCTION = YES;
				GCC_WARN_UNUSED_VARIABLE = YES;
				IPHONEOS_DEPLOYMENT_TARGET = 11.2;
				MTL_ENABLE_DEBUG_INFO = YES;
				ONLY_ACTIVE_ARCH = YES;
				SDKROOT = iphoneos;
			};
			name = Debug;
		};
		706BF150207CAAB30034663E /* Release */ = {
			isa = XCBuildConfiguration;
			buildSettings = {
				ALWAYS_SEARCH_USER_PATHS = NO;
				CLANG_ANALYZER_NONNULL = YES;
				CLANG_ANALYZER_NUMBER_OBJECT_CONVERSION = YES_AGGRESSIVE;
				CLANG_CXX_LANGUAGE_STANDARD = "gnu++14";
				CLANG_CXX_LIBRARY = "libc++";
				CLANG_ENABLE_MODULES = YES;
				CLANG_ENABLE_OBJC_ARC = YES;
				CLANG_WARN_BLOCK_CAPTURE_AUTORELEASING = YES;
				CLANG_WARN_BOOL_CONVERSION = YES;
				CLANG_WARN_COMMA = YES;
				CLANG_WARN_CONSTANT_CONVERSION = YES;
				CLANG_WARN_DIRECT_OBJC_ISA_USAGE = YES_ERROR;
				CLANG_WARN_DOCUMENTATION_COMMENTS = YES;
				CLANG_WARN_EMPTY_BODY = YES;
				CLANG_WARN_ENUM_CONVERSION = YES;
				CLANG_WARN_INFINITE_RECURSION = YES;
				CLANG_WARN_INT_CONVERSION = YES;
				CLANG_WARN_NON_LITERAL_NULL_CONVERSION = YES;
				CLANG_WARN_OBJC_LITERAL_CONVERSION = YES;
				CLANG_WARN_OBJC_ROOT_CLASS = YES_ERROR;
				CLANG_WARN_RANGE_LOOP_ANALYSIS = YES;
				CLANG_WARN_STRICT_PROTOTYPES = YES;
				CLANG_WARN_SUSPICIOUS_MOVE = YES;
				CLANG_WARN_UNGUARDED_AVAILABILITY = YES_AGGRESSIVE;
				CLANG_WARN_UNREACHABLE_CODE = YES;
				CLANG_WARN__DUPLICATE_METHOD_MATCH = YES;
				CODE_SIGN_IDENTITY = "iPhone Developer";
				COPY_PHASE_STRIP = NO;
				DEBUG_INFORMATION_FORMAT = "dwarf-with-dsym";
				ENABLE_NS_ASSERTIONS = NO;
				ENABLE_STRICT_OBJC_MSGSEND = YES;
				GCC_C_LANGUAGE_STANDARD = gnu11;
				GCC_NO_COMMON_BLOCKS = YES;
				GCC_WARN_64_TO_32_BIT_CONVERSION = YES;
				GCC_WARN_ABOUT_RETURN_TYPE = YES_ERROR;
				GCC_WARN_UNDECLARED_SELECTOR = YES;
				GCC_WARN_UNINITIALIZED_AUTOS = YES_AGGRESSIVE;
				GCC_WARN_UNUSED_FUNCTION = YES;
				GCC_WARN_UNUSED_VARIABLE = YES;
				IPHONEOS_DEPLOYMENT_TARGET = 11.2;
				MTL_ENABLE_DEBUG_INFO = NO;
				SDKROOT = iphoneos;
				VALIDATE_PRODUCT = YES;
			};
			name = Release;
		};
		706BF152207CAAB30034663E /* Debug */ = {
			isa = XCBuildConfiguration;
			baseConfigurationReference = B7388A27B4CDF81F1636CB45 /* Pods-YBImageBrowserDemo.debug.xcconfig */;
			buildSettings = {
				ASSETCATALOG_COMPILER_APPICON_NAME = AppIcon;
				"CODE_SIGN_IDENTITY[sdk=iphoneos*]" = "iPhone Developer";
				CODE_SIGN_STYLE = Automatic;
				DEVELOPMENT_TEAM = UU8H9EQ986;
				INFOPLIST_FILE = YBImageBrowserDemo/Info.plist;
				IPHONEOS_DEPLOYMENT_TARGET = 8.0;
				LD_RUNPATH_SEARCH_PATHS = "$(inherited) @executable_path/Frameworks";
				PRODUCT_BUNDLE_IDENTIFIER = com.yb.YBImageBrowser4;
				PRODUCT_NAME = "$(TARGET_NAME)";
				PROVISIONING_PROFILE_SPECIFIER = "";
				TARGETED_DEVICE_FAMILY = "1,2";
			};
			name = Debug;
		};
		706BF153207CAAB30034663E /* Release */ = {
			isa = XCBuildConfiguration;
			baseConfigurationReference = FF7A9D2ED33D23814BE790C3 /* Pods-YBImageBrowserDemo.release.xcconfig */;
			buildSettings = {
				ASSETCATALOG_COMPILER_APPICON_NAME = AppIcon;
				"CODE_SIGN_IDENTITY[sdk=iphoneos*]" = "iPhone Developer";
				CODE_SIGN_STYLE = Automatic;
				DEVELOPMENT_TEAM = UU8H9EQ986;
				INFOPLIST_FILE = YBImageBrowserDemo/Info.plist;
				IPHONEOS_DEPLOYMENT_TARGET = 8.0;
				LD_RUNPATH_SEARCH_PATHS = "$(inherited) @executable_path/Frameworks";
				PRODUCT_BUNDLE_IDENTIFIER = com.yb.YBImageBrowser4;
				PRODUCT_NAME = "$(TARGET_NAME)";
				PROVISIONING_PROFILE_SPECIFIER = "";
				TARGETED_DEVICE_FAMILY = "1,2";
			};
			name = Release;
		};
/* End XCBuildConfiguration section */

/* Begin XCConfigurationList section */
		706BF136207CAAB20034663E /* Build configuration list for PBXProject "YBImageBrowserDemo" */ = {
			isa = XCConfigurationList;
			buildConfigurations = (
				706BF14F207CAAB30034663E /* Debug */,
				706BF150207CAAB30034663E /* Release */,
			);
			defaultConfigurationIsVisible = 0;
			defaultConfigurationName = Release;
		};
		706BF151207CAAB30034663E /* Build configuration list for PBXNativeTarget "YBImageBrowserDemo" */ = {
			isa = XCConfigurationList;
			buildConfigurations = (
				706BF152207CAAB30034663E /* Debug */,
				706BF153207CAAB30034663E /* Release */,
			);
			defaultConfigurationIsVisible = 0;
			defaultConfigurationName = Release;
		};
/* End XCConfigurationList section */
	};
	rootObject = 706BF133207CAAB20034663E /* Project object */;
}
